
Microsoft Visual Studio Solution File, Format Version 12.00
# Visual Studio Version 17
VisualStudioVersion = 17.9.34607.119
MinimumVisualStudioVersion = 10.0.40219.1
Project("{FAE04EC0-301F-11D3-BF4B-00C04F79EFBC}") = "WebApplication2", "WebApplication2\WebApplication2.csproj", "{0152AFD3-465F-43F1-A488-D8E1C4697D17}"
EndProject
Global
	GlobalSection(SolutionConfigurationPlatforms) = preSolution
		Debug|Any CPU = Debug|Any CPU
		Release|Any CPU = Release|Any CPU
	EndGlobalSection
	GlobalSection(ProjectConfigurationPlatforms) = postSolution
		{0152AFD3-465F-43F1-A488-D8E1C4697D17}.Debug|Any CPU.ActiveCfg = Debug|Any CPU
		{0152AFD3-465F-43F1-A488-D8E1C4697D17}.Debug|Any CPU.Build.0 = Debug|Any CPU
		{0152AFD3-465F-43F1-A488-D8E1C4697D17}.Release|Any CPU.ActiveCfg = Release|Any CPU
		{0152AFD3-465F-43F1-A488-D8E1C4697D17}.Release|Any CPU.Build.0 = Release|Any CPU
	EndGlobalSection
	GlobalSection(SolutionProperties) = preSolution
		HideSolutionNode = FALSE
	EndGlobalSection
	GlobalSection(ExtensibilityGlobals) = postSolution
		SolutionGuid = {181AC36C-98E5-4778-BDEE-03955D945F70}
	EndGlobalSection
EndGlobal
